
Microsoft Visual Studio Solution File, Format Version 12.00
# Visual Studio Version 17
VisualStudioVersion = 17.5.33627.172
MinimumVisualStudioVersion = 10.0.40219.1
Project("{FAE04EC0-301F-11D3-BF4B-00C04F79EFBC}") = "c# LAB 04 PROBLEM 01", "c# LAB 04 PROBLEM 01\c# LAB 04 PROBLEM 01.csproj", "{A7DB9B86-B7AB-4CAC-BD09-9F7B4240003D}"
EndProject
Global
	GlobalSection(SolutionConfigurationPlatforms) = preSolution
		Debug|Any CPU = Debug|Any CPU
		Release|Any CPU = Release|Any CPU
	EndGlobalSection
	GlobalSection(ProjectConfigurationPlatforms) = postSolution
		{A7DB9B86-B7AB-4CAC-BD09-9F7B4240003D}.Debug|Any CPU.ActiveCfg = Debug|Any CPU
		{A7DB9B86-B7AB-4CAC-BD09-9F7B4240003D}.Debug|Any CPU.Build.0 = Debug|Any CPU
		{A7DB9B86-B7AB-4CAC-BD09-9F7B4240003D}.Release|Any CPU.ActiveCfg = Release|Any CPU
		{A7DB9B86-B7AB-4CAC-BD09-9F7B4240003D}.Release|Any CPU.Build.0 = Release|Any CPU
	EndGlobalSection
	GlobalSection(SolutionProperties) = preSolution
		HideSolutionNode = FALSE
	EndGlobalSection
	GlobalSection(ExtensibilityGlobals) = postSolution
		SolutionGuid = {5387E3D5-5FBA-4284-9D98-BAF43AD67286}
	EndGlobalSection
EndGlobal
