
Microsoft Visual Studio Solution File, Format Version 12.00
# Visual Studio Version 17
VisualStudioVersion = 17.5.33627.172
MinimumVisualStudioVersion = 10.0.40219.1
Project("{FAE04EC0-301F-11D3-BF4B-00C04F79EFBC}") = "C# LAB 04  PROBLEM 04", "C# LAB 04  PROBLEM 04\C# LAB 04  PROBLEM 04.csproj", "{DE485E92-40FD-4BE0-AAAF-A233E4B9D88C}"
EndProject
Global
	GlobalSection(SolutionConfigurationPlatforms) = preSolution
		Debug|Any CPU = Debug|Any CPU
		Release|Any CPU = Release|Any CPU
	EndGlobalSection
	GlobalSection(ProjectConfigurationPlatforms) = postSolution
		{DE485E92-40FD-4BE0-AAAF-A233E4B9D88C}.Debug|Any CPU.ActiveCfg = Debug|Any CPU
		{DE485E92-40FD-4BE0-AAAF-A233E4B9D88C}.Debug|Any CPU.Build.0 = Debug|Any CPU
		{DE485E92-40FD-4BE0-AAAF-A233E4B9D88C}.Release|Any CPU.ActiveCfg = Release|Any CPU
		{DE485E92-40FD-4BE0-AAAF-A233E4B9D88C}.Release|Any CPU.Build.0 = Release|Any CPU
	EndGlobalSection
	GlobalSection(SolutionProperties) = preSolution
		HideSolutionNode = FALSE
	EndGlobalSection
	GlobalSection(ExtensibilityGlobals) = postSolution
		SolutionGuid = {0DD6306B-A4F8-4B81-8D02-99B214B1A6C9}
	EndGlobalSection
EndGlobal
